
Microsoft Visual Studio Solution File, Format Version 12.00
# Visual Studio Version 17
VisualStudioVersion = 17.7.34031.279
MinimumVisualStudioVersion = 10.0.40219.1
Project("{9A19103F-16F7-4668-BE54-9A1E7A4F7556}") = "MauiTestApp", "MauiTestApp\MauiTestApp.csproj", "{1193702A-0518-4B6C-8F46-D4A097E1CC22}"
EndProject
Project("{9A19103F-16F7-4668-BE54-9A1E7A4F7556}") = "MauiTest.ViewModels", "MauiTest.ViewModels\MauiTest.ViewModels.csproj", "{1647ED76-DC4A-49E2-A4FC-A36BE3742B4E}"
EndProject
Project("{FAE04EC0-301F-11D3-BF4B-00C04F79EFBC}") = "MauiTest.Tests", "MauiTest.Tests\MauiTest.Tests.csproj", "{A3E634CC-27A1-43B0-8C52-7F34AF8B0396}"
EndProject
Global
	GlobalSection(SolutionConfigurationPlatforms) = preSolution
		Debug|Any CPU = Debug|Any CPU
		Release|Any CPU = Release|Any CPU
	EndGlobalSection
	GlobalSection(ProjectConfigurationPlatforms) = postSolution
		{1193702A-0518-4B6C-8F46-D4A097E1CC22}.Debug|Any CPU.ActiveCfg = Debug|Any CPU
		{1193702A-0518-4B6C-8F46-D4A097E1CC22}.Debug|Any CPU.Build.0 = Debug|Any CPU
		{1193702A-0518-4B6C-8F46-D4A097E1CC22}.Debug|Any CPU.Deploy.0 = Debug|Any CPU
		{1193702A-0518-4B6C-8F46-D4A097E1CC22}.Release|Any CPU.ActiveCfg = Release|Any CPU
		{1193702A-0518-4B6C-8F46-D4A097E1CC22}.Release|Any CPU.Build.0 = Release|Any CPU
		{1193702A-0518-4B6C-8F46-D4A097E1CC22}.Release|Any CPU.Deploy.0 = Release|Any CPU
		{1647ED76-DC4A-49E2-A4FC-A36BE3742B4E}.Debug|Any CPU.ActiveCfg = Debug|Any CPU
		{1647ED76-DC4A-49E2-A4FC-A36BE3742B4E}.Debug|Any CPU.Build.0 = Debug|Any CPU
		{1647ED76-DC4A-49E2-A4FC-A36BE3742B4E}.Release|Any CPU.ActiveCfg = Release|Any CPU
		{1647ED76-DC4A-49E2-A4FC-A36BE3742B4E}.Release|Any CPU.Build.0 = Release|Any CPU
		{A3E634CC-27A1-43B0-8C52-7F34AF8B0396}.Debug|Any CPU.ActiveCfg = Debug|Any CPU
		{A3E634CC-27A1-43B0-8C52-7F34AF8B0396}.Debug|Any CPU.Build.0 = Debug|Any CPU
		{A3E634CC-27A1-43B0-8C52-7F34AF8B0396}.Release|Any CPU.ActiveCfg = Release|Any CPU
		{A3E634CC-27A1-43B0-8C52-7F34AF8B0396}.Release|Any CPU.Build.0 = Release|Any CPU
	EndGlobalSection
	GlobalSection(SolutionProperties) = preSolution
		HideSolutionNode = FALSE
	EndGlobalSection
	GlobalSection(ExtensibilityGlobals) = postSolution
		SolutionGuid = {7C9F18DB-7F86-4F7D-A95A-535B1C3AC506}
	EndGlobalSection
EndGlobal
